
Microsoft Visual Studio Solution File, Format Version 12.00
# Visual Studio Version 16
VisualStudioVersion = 16.0.31205.134
MinimumVisualStudioVersion = 10.0.40219.1
Project("{FAE04EC0-301F-11D3-BF4B-00C04F79EFBC}") = "VideoCapture", "VideoCapture\VideoCapture.csproj", "{C02174F3-A3CD-4550-920B-72C9F00873E8}"
EndProject
Global
	GlobalSection(SolutionConfigurationPlatforms) = preSolution
		Debug|Any CPU = Debug|Any CPU
		Release|Any CPU = Release|Any CPU
	EndGlobalSection
	GlobalSection(ProjectConfigurationPlatforms) = postSolution
		{C02174F3-A3CD-4550-920B-72C9F00873E8}.Debug|Any CPU.ActiveCfg = Debug|Any CPU
		{C02174F3-A3CD-4550-920B-72C9F00873E8}.Debug|Any CPU.Build.0 = Debug|Any CPU
		{C02174F3-A3CD-4550-920B-72C9F00873E8}.Release|Any CPU.ActiveCfg = Release|Any CPU
		{C02174F3-A3CD-4550-920B-72C9F00873E8}.Release|Any CPU.Build.0 = Release|Any CPU
	EndGlobalSection
	GlobalSection(SolutionProperties) = preSolution
		HideSolutionNode = FALSE
	EndGlobalSection
	GlobalSection(ExtensibilityGlobals) = postSolution
		SolutionGuid = {C9231430-85E0-4D30-9312-2B55AB636069}
	EndGlobalSection
EndGlobal
